{
  "version": 4,
  "terraform_version": "1.10.5",
  "serial": 164,
  "lineage": "9bfeb38a-a143-8667-fb14-1124129c3e08",
  "outputs": {
    "instance_ips_masters": {
      "value": {
        "k3s-master": "34.66.76.132"
      },
      "type": [
        "object",
        {
          "k3s-master": "string"
        }
      ]
    },
    "instance_ips_workers": {
      "value": {
        "k3s-node-1": "34.44.155.94",
        "k3s-node-2": "34.45.172.182"
      },
      "type": [
        "object",
        {
          "k3s-node-1": "string",
          "k3s-node-2": "string"
        }
      ]
    },
    "nfs_server_ip": {
      "value": "34.69.116.57",
      "type": "string"
    }
  },
  "resources": [
    {
      "mode": "managed",
      "type": "google_compute_address",
      "name": "static_ip",
      "provider": "provider[\"registry.terraform.io/hashicorp/google\"]",
      "instances": [
        {
          "schema_version": 0,
          "attributes": {
            "address": "34.66.76.132",
            "address_type": "EXTERNAL",
            "creation_timestamp": "2025-02-02T20:35:26.643-08:00",
            "description": "",
            "effective_labels": {
              "goog-terraform-provisioned": "true"
            },
            "id": "projects/protean-pipe-447211-g7/regions/us-central1/addresses/k3s-static-ip",
            "ip_version": "",
            "ipv6_endpoint_type": "",
            "label_fingerprint": "vezUS-42LLM=",
            "labels": null,
            "name": "k3s-static-ip",
            "network": "",
            "network_tier": "PREMIUM",
            "prefix_length": 0,
            "project": "protean-pipe-447211-g7",
            "purpose": "",
            "region": "us-central1",
            "self_link": "https://www.googleapis.com/compute/v1/projects/protean-pipe-447211-g7/regions/us-central1/addresses/k3s-static-ip",
            "subnetwork": "",
            "terraform_labels": {
              "goog-terraform-provisioned": "true"
            },
            "timeouts": null,
            "users": []
          },
          "sensitive_attributes": [],
          "private": "eyJlMmJmYjczMC1lY2FhLTExZTYtOGY4OC0zNDM2M2JjN2M0YzAiOnsiY3JlYXRlIjoxMjAwMDAwMDAwMDAwLCJkZWxldGUiOjEyMDAwMDAwMDAwMDAsInVwZGF0ZSI6MTIwMDAwMDAwMDAwMH19"
        }
      ]
    },
    {
      "mode": "managed",
      "type": "google_compute_firewall",
      "name": "allow_http",
      "provider": "provider[\"registry.terraform.io/hashicorp/google\"]",
      "instances": [
        {
          "schema_version": 1,
          "attributes": {
            "allow": [
              {
                "ports": [
                  "80"
                ],
                "protocol": "tcp"
              }
            ],
            "creation_timestamp": "2025-02-02T20:35:26.055-08:00",
            "deny": [],
            "description": "",
            "destination_ranges": [],
            "direction": "INGRESS",
            "disabled": false,
            "enable_logging": null,
            "id": "projects/protean-pipe-447211-g7/global/firewalls/allow-http",
            "log_config": [],
            "name": "allow-http",
            "network": "https://www.googleapis.com/compute/v1/projects/protean-pipe-447211-g7/global/networks/default",
            "priority": 1000,
            "project": "protean-pipe-447211-g7",
            "self_link": "https://www.googleapis.com/compute/v1/projects/protean-pipe-447211-g7/global/firewalls/allow-http",
            "source_ranges": [
              "0.0.0.0/0"
            ],
            "source_service_accounts": null,
            "source_tags": null,
            "target_service_accounts": null,
            "target_tags": null,
            "timeouts": null
          },
          "sensitive_attributes": [],
          "private": "eyJlMmJmYjczMC1lY2FhLTExZTYtOGY4OC0zNDM2M2JjN2M0YzAiOnsiY3JlYXRlIjoxMjAwMDAwMDAwMDAwLCJkZWxldGUiOjEyMDAwMDAwMDAwMDAsInVwZGF0ZSI6MTIwMDAwMDAwMDAwMH0sInNjaGVtYV92ZXJzaW9uIjoiMSJ9"
        }
      ]
    },
    {
      "mode": "managed",
      "type": "google_compute_firewall",
      "name": "allow_k3s_ports",
      "provider": "provider[\"registry.terraform.io/hashicorp/google\"]",
      "instances": [
        {
          "schema_version": 1,
          "attributes": {
            "allow": [
              {
                "ports": [
                  "6443",
                  "2379",
                  "2380",
                  "10250",
                  "10251",
                  "10252",
                  "30000-32767"
                ],
                "protocol": "tcp"
              }
            ],
            "creation_timestamp": "2025-02-02T20:35:26.083-08:00",
            "deny": [],
            "description": "",
            "destination_ranges": [],
            "direction": "INGRESS",
            "disabled": false,
            "enable_logging": null,
            "id": "projects/protean-pipe-447211-g7/global/firewalls/allow-k3s-ports",
            "log_config": [],
            "name": "allow-k3s-ports",
            "network": "https://www.googleapis.com/compute/v1/projects/protean-pipe-447211-g7/global/networks/default",
            "priority": 1000,
            "project": "protean-pipe-447211-g7",
            "self_link": "https://www.googleapis.com/compute/v1/projects/protean-pipe-447211-g7/global/firewalls/allow-k3s-ports",
            "source_ranges": [
              "0.0.0.0/0"
            ],
            "source_service_accounts": null,
            "source_tags": null,
            "target_service_accounts": null,
            "target_tags": null,
            "timeouts": null
          },
          "sensitive_attributes": [],
          "private": "eyJlMmJmYjczMC1lY2FhLTExZTYtOGY4OC0zNDM2M2JjN2M0YzAiOnsiY3JlYXRlIjoxMjAwMDAwMDAwMDAwLCJkZWxldGUiOjEyMDAwMDAwMDAwMDAsInVwZGF0ZSI6MTIwMDAwMDAwMDAwMH0sInNjaGVtYV92ZXJzaW9uIjoiMSJ9"
        }
      ]
    },
    {
      "mode": "managed",
      "type": "google_compute_firewall",
      "name": "allow_ssh",
      "provider": "provider[\"registry.terraform.io/hashicorp/google\"]",
      "instances": [
        {
          "schema_version": 1,
          "attributes": {
            "allow": [
              {
                "ports": [
                  "22"
                ],
                "protocol": "tcp"
              }
            ],
            "creation_timestamp": "2025-02-02T20:35:26.048-08:00",
            "deny": [],
            "description": "",
            "destination_ranges": [],
            "direction": "INGRESS",
            "disabled": false,
            "enable_logging": null,
            "id": "projects/protean-pipe-447211-g7/global/firewalls/allow-ssh",
            "log_config": [],
            "name": "allow-ssh",
            "network": "https://www.googleapis.com/compute/v1/projects/protean-pipe-447211-g7/global/networks/default",
            "priority": 1000,
            "project": "protean-pipe-447211-g7",
            "self_link": "https://www.googleapis.com/compute/v1/projects/protean-pipe-447211-g7/global/firewalls/allow-ssh",
            "source_ranges": [
              "0.0.0.0/0"
            ],
            "source_service_accounts": null,
            "source_tags": null,
            "target_service_accounts": null,
            "target_tags": null,
            "timeouts": null
          },
          "sensitive_attributes": [],
          "private": "eyJlMmJmYjczMC1lY2FhLTExZTYtOGY4OC0zNDM2M2JjN2M0YzAiOnsiY3JlYXRlIjoxMjAwMDAwMDAwMDAwLCJkZWxldGUiOjEyMDAwMDAwMDAwMDAsInVwZGF0ZSI6MTIwMDAwMDAwMDAwMH0sInNjaGVtYV92ZXJzaW9uIjoiMSJ9"
        }
      ]
    },
    {
      "mode": "managed",
      "type": "google_compute_firewall",
      "name": "nfs_firewall",
      "provider": "provider[\"registry.terraform.io/hashicorp/google\"]",
      "instances": [
        {
          "schema_version": 1,
          "attributes": {
            "allow": [
              {
                "ports": [
                  "111",
                  "2049"
                ],
                "protocol": "tcp"
              },
              {
                "ports": [
                  "111",
                  "2049"
                ],
                "protocol": "udp"
              }
            ],
            "creation_timestamp": "2025-02-02T20:35:26.077-08:00",
            "deny": [],
            "description": "",
            "destination_ranges": [],
            "direction": "INGRESS",
            "disabled": false,
            "enable_logging": null,
            "id": "projects/protean-pipe-447211-g7/global/firewalls/nfs-firewall",
            "log_config": [],
            "name": "nfs-firewall",
            "network": "https://www.googleapis.com/compute/v1/projects/protean-pipe-447211-g7/global/networks/default",
            "priority": 1000,
            "project": "protean-pipe-447211-g7",
            "self_link": "https://www.googleapis.com/compute/v1/projects/protean-pipe-447211-g7/global/firewalls/nfs-firewall",
            "source_ranges": [
              "0.0.0.0/0"
            ],
            "source_service_accounts": null,
            "source_tags": null,
            "target_service_accounts": null,
            "target_tags": null,
            "timeouts": null
          },
          "sensitive_attributes": [],
          "private": "eyJlMmJmYjczMC1lY2FhLTExZTYtOGY4OC0zNDM2M2JjN2M0YzAiOnsiY3JlYXRlIjoxMjAwMDAwMDAwMDAwLCJkZWxldGUiOjEyMDAwMDAwMDAwMDAsInVwZGF0ZSI6MTIwMDAwMDAwMDAwMH0sInNjaGVtYV92ZXJzaW9uIjoiMSJ9"
        }
      ]
    },
    {
      "mode": "managed",
      "type": "google_compute_instance",
      "name": "k3s-masters",
      "provider": "provider[\"registry.terraform.io/hashicorp/google\"]",
      "instances": [
        {
          "index_key": "k3s-master",
          "schema_version": 6,
          "attributes": {
            "advanced_machine_features": [],
            "allow_stopping_for_update": null,
            "attached_disk": [],
            "boot_disk": [
              {
                "auto_delete": true,
                "device_name": "persistent-disk-0",
                "disk_encryption_key_raw": "",
                "disk_encryption_key_sha256": "",
                "initialize_params": [
                  {
                    "enable_confidential_compute": false,
                    "image": "https://www.googleapis.com/compute/v1/projects/ubuntu-os-cloud/global/images/ubuntu-2204-jammy-v20250128",
                    "labels": {},
                    "provisioned_iops": 0,
                    "provisioned_throughput": 0,
                    "resource_manager_tags": null,
                    "resource_policies": [],
                    "size": 10,
                    "storage_pool": "",
                    "type": "pd-standard"
                  }
                ],
                "interface": "",
                "kms_key_self_link": "",
                "mode": "READ_WRITE",
                "source": "https://www.googleapis.com/compute/v1/projects/protean-pipe-447211-g7/zones/us-central1-a/disks/k3s-master"
              }
            ],
            "can_ip_forward": false,
            "confidential_instance_config": [],
            "cpu_platform": "Intel Broadwell",
            "creation_timestamp": "2025-02-02T20:35:34.642-08:00",
            "current_status": "RUNNING",
            "deletion_protection": false,
            "description": "",
            "desired_status": null,
            "effective_labels": {
              "goog-terraform-provisioned": "true"
            },
            "enable_display": false,
            "guest_accelerator": [],
            "hostname": "",
            "id": "projects/protean-pipe-447211-g7/zones/us-central1-a/instances/k3s-master",
            "instance_id": "3523293136372496761",
            "key_revocation_action_type": "",
            "label_fingerprint": "vezUS-42LLM=",
            "labels": null,
            "machine_type": "e2-medium",
            "metadata": {
              "ssh-keys": "user:ssh-rsa AAAAB3NzaC1yc2EAAAADAQABAAACAQDC/XRAKrq6wObWM072Z4Itto5IX0tIU4xjoRAls9yTVl6RX+R+Gs41pjrRQQUe2KK0BdtCCoFJPEkMp4EHfEgo2eFD/AcoGfMYGK2DoNluM2GKYKEx6AbbH2mGX4KVUuE8OL8dliYokxT6P6gyEZumLfSwCzAErut3sJ1Ipl8zRlGamZtFMfWi8mUuL/YuAIPng6tl7whV8d9h4AtKBNzNFJc82xYSPVdfY7484PDClMS4VRHLgsvR1kA9yj/lAbTjBVGCCYZ6fX0qXsdm2wXKOIeb78gFHgy3lozx0MT/WFCNn3MmG5sOQl35iMH2pLPVPkWqweElfY3WHlfXAtD9Y2mr6Rv/0KiDU4EqnnUz8r0J/rYyh97I84xbhvvmXK6vad7Uhp552XCsI/IYQC6Psjal/PT04dtMs+glfINz3HMgBF9KzZXQ4d5ybBC4E9IqFzGJBZ89R5dQpvqEFZztL9vZON3gG7H/Hcu/uunGHlQUmbjNlEwIUDeB7b5+ynz8Zx+2uAvLd2sOY8sgLdbJiEPnpsaPyUqtv7XrYnu7kMGKZ7oAg5/kN8zScCtZNZ0NQRZcjaKPE10at+Vb1PjBoDn/FO9KsvZ3bNpKD/CZCmoHCc2sPP301SDwQglY9XOfuX6BTpO+FFGmRio1VzZqM3KBuuIDcrU3ULVFPeousw== eduardo@Carlos\r\n"
            },
            "metadata_fingerprint": "okBcFsbqHQk=",
            "metadata_startup_script": null,
            "min_cpu_platform": "",
            "name": "k3s-master",
            "network_interface": [
              {
                "access_config": [
                  {
                    "nat_ip": "34.66.76.132",
                    "network_tier": "PREMIUM",
                    "public_ptr_domain_name": ""
                  }
                ],
                "alias_ip_range": [],
                "internal_ipv6_prefix_length": 0,
                "ipv6_access_config": [],
                "ipv6_access_type": "",
                "ipv6_address": "",
                "name": "nic0",
                "network": "https://www.googleapis.com/compute/v1/projects/protean-pipe-447211-g7/global/networks/default",
                "network_ip": "10.128.0.38",
                "nic_type": "",
                "queue_count": 0,
                "stack_type": "IPV4_ONLY",
                "subnetwork": "https://www.googleapis.com/compute/v1/projects/protean-pipe-447211-g7/regions/us-central1/subnetworks/default",
                "subnetwork_project": "protean-pipe-447211-g7"
              }
            ],
            "network_performance_config": [],
            "params": [],
            "project": "protean-pipe-447211-g7",
            "reservation_affinity": [],
            "resource_policies": null,
            "scheduling": [
              {
                "automatic_restart": true,
                "availability_domain": 0,
                "instance_termination_action": "",
                "local_ssd_recovery_timeout": [],
                "max_run_duration": [],
                "min_node_cpus": 0,
                "node_affinities": [],
                "on_host_maintenance": "MIGRATE",
                "on_instance_stop_action": [],
                "preemptible": false,
                "provisioning_model": "STANDARD"
              }
            ],
            "scratch_disk": [],
            "self_link": "https://www.googleapis.com/compute/v1/projects/protean-pipe-447211-g7/zones/us-central1-a/instances/k3s-master",
            "service_account": [
              {
                "email": "843462201394-compute@developer.gserviceaccount.com",
                "scopes": [
                  "https://www.googleapis.com/auth/cloud-platform"
                ]
              }
            ],
            "shielded_instance_config": [
              {
                "enable_integrity_monitoring": true,
                "enable_secure_boot": false,
                "enable_vtpm": true
              }
            ],
            "tags": null,
            "tags_fingerprint": "42WmSpB8rSM=",
            "terraform_labels": {
              "goog-terraform-provisioned": "true"
            },
            "timeouts": null,
            "zone": "us-central1-a"
          },
          "sensitive_attributes": [
            [
              {
                "type": "get_attr",
                "value": "boot_disk"
              },
              {
                "type": "index",
                "value": {
                  "value": 0,
                  "type": "number"
                }
              },
              {
                "type": "get_attr",
                "value": "disk_encryption_key_raw"
              }
            ]
          ],
          "private": "eyJlMmJmYjczMC1lY2FhLTExZTYtOGY4OC0zNDM2M2JjN2M0YzAiOnsiY3JlYXRlIjoxMjAwMDAwMDAwMDAwLCJkZWxldGUiOjEyMDAwMDAwMDAwMDAsInVwZGF0ZSI6MTIwMDAwMDAwMDAwMH0sInNjaGVtYV92ZXJzaW9uIjoiNiJ9",
          "dependencies": [
            "google_compute_address.static_ip"
          ]
        }
      ]
    },
    {
      "mode": "managed",
      "type": "google_compute_instance",
      "name": "k3s-workers",
      "provider": "provider[\"registry.terraform.io/hashicorp/google\"]",
      "instances": [
        {
          "index_key": "k3s-node-1",
          "schema_version": 6,
          "attributes": {
            "advanced_machine_features": [],
            "allow_stopping_for_update": null,
            "attached_disk": [],
            "boot_disk": [
              {
                "auto_delete": true,
                "device_name": "persistent-disk-0",
                "disk_encryption_key_raw": "",
                "disk_encryption_key_sha256": "",
                "initialize_params": [
                  {
                    "enable_confidential_compute": false,
                    "image": "https://www.googleapis.com/compute/v1/projects/ubuntu-os-cloud/global/images/ubuntu-2204-jammy-v20250128",
                    "labels": {},
                    "provisioned_iops": 0,
                    "provisioned_throughput": 0,
                    "resource_manager_tags": null,
                    "resource_policies": [],
                    "size": 10,
                    "storage_pool": "",
                    "type": "pd-standard"
                  }
                ],
                "interface": "",
                "kms_key_self_link": "",
                "mode": "READ_WRITE",
                "source": "https://www.googleapis.com/compute/v1/projects/protean-pipe-447211-g7/zones/us-central1-a/disks/k3s-node-1"
              }
            ],
            "can_ip_forward": false,
            "confidential_instance_config": [],
            "cpu_platform": "Intel Broadwell",
            "creation_timestamp": "2025-02-02T20:35:29.998-08:00",
            "current_status": "RUNNING",
            "deletion_protection": false,
            "description": "",
            "desired_status": null,
            "effective_labels": {
              "goog-terraform-provisioned": "true"
            },
            "enable_display": false,
            "guest_accelerator": [],
            "hostname": "",
            "id": "projects/protean-pipe-447211-g7/zones/us-central1-a/instances/k3s-node-1",
            "instance_id": "2455444205071104382",
            "key_revocation_action_type": "",
            "label_fingerprint": "vezUS-42LLM=",
            "labels": null,
            "machine_type": "e2-medium",
            "metadata": {
              "ssh-keys": "user:ssh-rsa AAAAB3NzaC1yc2EAAAADAQABAAACAQDC/XRAKrq6wObWM072Z4Itto5IX0tIU4xjoRAls9yTVl6RX+R+Gs41pjrRQQUe2KK0BdtCCoFJPEkMp4EHfEgo2eFD/AcoGfMYGK2DoNluM2GKYKEx6AbbH2mGX4KVUuE8OL8dliYokxT6P6gyEZumLfSwCzAErut3sJ1Ipl8zRlGamZtFMfWi8mUuL/YuAIPng6tl7whV8d9h4AtKBNzNFJc82xYSPVdfY7484PDClMS4VRHLgsvR1kA9yj/lAbTjBVGCCYZ6fX0qXsdm2wXKOIeb78gFHgy3lozx0MT/WFCNn3MmG5sOQl35iMH2pLPVPkWqweElfY3WHlfXAtD9Y2mr6Rv/0KiDU4EqnnUz8r0J/rYyh97I84xbhvvmXK6vad7Uhp552XCsI/IYQC6Psjal/PT04dtMs+glfINz3HMgBF9KzZXQ4d5ybBC4E9IqFzGJBZ89R5dQpvqEFZztL9vZON3gG7H/Hcu/uunGHlQUmbjNlEwIUDeB7b5+ynz8Zx+2uAvLd2sOY8sgLdbJiEPnpsaPyUqtv7XrYnu7kMGKZ7oAg5/kN8zScCtZNZ0NQRZcjaKPE10at+Vb1PjBoDn/FO9KsvZ3bNpKD/CZCmoHCc2sPP301SDwQglY9XOfuX6BTpO+FFGmRio1VzZqM3KBuuIDcrU3ULVFPeousw== eduardo@Carlos\r\n"
            },
            "metadata_fingerprint": "okBcFsbqHQk=",
            "metadata_startup_script": null,
            "min_cpu_platform": "",
            "name": "k3s-node-1",
            "network_interface": [
              {
                "access_config": [
                  {
                    "nat_ip": "34.44.155.94",
                    "network_tier": "PREMIUM",
                    "public_ptr_domain_name": ""
                  }
                ],
                "alias_ip_range": [],
                "internal_ipv6_prefix_length": 0,
                "ipv6_access_config": [],
                "ipv6_access_type": "",
                "ipv6_address": "",
                "name": "nic0",
                "network": "https://www.googleapis.com/compute/v1/projects/protean-pipe-447211-g7/global/networks/default",
                "network_ip": "10.128.0.36",
                "nic_type": "",
                "queue_count": 0,
                "stack_type": "IPV4_ONLY",
                "subnetwork": "https://www.googleapis.com/compute/v1/projects/protean-pipe-447211-g7/regions/us-central1/subnetworks/default",
                "subnetwork_project": "protean-pipe-447211-g7"
              }
            ],
            "network_performance_config": [],
            "params": [],
            "project": "protean-pipe-447211-g7",
            "reservation_affinity": [],
            "resource_policies": null,
            "scheduling": [
              {
                "automatic_restart": true,
                "availability_domain": 0,
                "instance_termination_action": "",
                "local_ssd_recovery_timeout": [],
                "max_run_duration": [],
                "min_node_cpus": 0,
                "node_affinities": [],
                "on_host_maintenance": "MIGRATE",
                "on_instance_stop_action": [],
                "preemptible": false,
                "provisioning_model": "STANDARD"
              }
            ],
            "scratch_disk": [],
            "self_link": "https://www.googleapis.com/compute/v1/projects/protean-pipe-447211-g7/zones/us-central1-a/instances/k3s-node-1",
            "service_account": [
              {
                "email": "843462201394-compute@developer.gserviceaccount.com",
                "scopes": [
                  "https://www.googleapis.com/auth/cloud-platform"
                ]
              }
            ],
            "shielded_instance_config": [
              {
                "enable_integrity_monitoring": true,
                "enable_secure_boot": false,
                "enable_vtpm": true
              }
            ],
            "tags": null,
            "tags_fingerprint": "42WmSpB8rSM=",
            "terraform_labels": {
              "goog-terraform-provisioned": "true"
            },
            "timeouts": null,
            "zone": "us-central1-a"
          },
          "sensitive_attributes": [
            [
              {
                "type": "get_attr",
                "value": "boot_disk"
              },
              {
                "type": "index",
                "value": {
                  "value": 0,
                  "type": "number"
                }
              },
              {
                "type": "get_attr",
                "value": "disk_encryption_key_raw"
              }
            ]
          ],
          "private": "eyJlMmJmYjczMC1lY2FhLTExZTYtOGY4OC0zNDM2M2JjN2M0YzAiOnsiY3JlYXRlIjoxMjAwMDAwMDAwMDAwLCJkZWxldGUiOjEyMDAwMDAwMDAwMDAsInVwZGF0ZSI6MTIwMDAwMDAwMDAwMH0sInNjaGVtYV92ZXJzaW9uIjoiNiJ9"
        },
        {
          "index_key": "k3s-node-2",
          "schema_version": 6,
          "attributes": {
            "advanced_machine_features": [],
            "allow_stopping_for_update": null,
            "attached_disk": [],
            "boot_disk": [
              {
                "auto_delete": true,
                "device_name": "persistent-disk-0",
                "disk_encryption_key_raw": "",
                "disk_encryption_key_sha256": "",
                "initialize_params": [
                  {
                    "enable_confidential_compute": false,
                    "image": "https://www.googleapis.com/compute/v1/projects/ubuntu-os-cloud/global/images/ubuntu-2204-jammy-v20250128",
                    "labels": {},
                    "provisioned_iops": 0,
                    "provisioned_throughput": 0,
                    "resource_manager_tags": null,
                    "resource_policies": [],
                    "size": 10,
                    "storage_pool": "",
                    "type": "pd-standard"
                  }
                ],
                "interface": "",
                "kms_key_self_link": "",
                "mode": "READ_WRITE",
                "source": "https://www.googleapis.com/compute/v1/projects/protean-pipe-447211-g7/zones/us-central1-a/disks/k3s-node-2"
              }
            ],
            "can_ip_forward": false,
            "confidential_instance_config": [],
            "cpu_platform": "Intel Broadwell",
            "creation_timestamp": "2025-02-02T20:35:29.106-08:00",
            "current_status": "RUNNING",
            "deletion_protection": false,
            "description": "",
            "desired_status": null,
            "effective_labels": {
              "goog-terraform-provisioned": "true"
            },
            "enable_display": false,
            "guest_accelerator": [],
            "hostname": "",
            "id": "projects/protean-pipe-447211-g7/zones/us-central1-a/instances/k3s-node-2",
            "instance_id": "8176692929445624191",
            "key_revocation_action_type": "",
            "label_fingerprint": "vezUS-42LLM=",
            "labels": null,
            "machine_type": "e2-medium",
            "metadata": {
              "ssh-keys": "user:ssh-rsa AAAAB3NzaC1yc2EAAAADAQABAAACAQDC/XRAKrq6wObWM072Z4Itto5IX0tIU4xjoRAls9yTVl6RX+R+Gs41pjrRQQUe2KK0BdtCCoFJPEkMp4EHfEgo2eFD/AcoGfMYGK2DoNluM2GKYKEx6AbbH2mGX4KVUuE8OL8dliYokxT6P6gyEZumLfSwCzAErut3sJ1Ipl8zRlGamZtFMfWi8mUuL/YuAIPng6tl7whV8d9h4AtKBNzNFJc82xYSPVdfY7484PDClMS4VRHLgsvR1kA9yj/lAbTjBVGCCYZ6fX0qXsdm2wXKOIeb78gFHgy3lozx0MT/WFCNn3MmG5sOQl35iMH2pLPVPkWqweElfY3WHlfXAtD9Y2mr6Rv/0KiDU4EqnnUz8r0J/rYyh97I84xbhvvmXK6vad7Uhp552XCsI/IYQC6Psjal/PT04dtMs+glfINz3HMgBF9KzZXQ4d5ybBC4E9IqFzGJBZ89R5dQpvqEFZztL9vZON3gG7H/Hcu/uunGHlQUmbjNlEwIUDeB7b5+ynz8Zx+2uAvLd2sOY8sgLdbJiEPnpsaPyUqtv7XrYnu7kMGKZ7oAg5/kN8zScCtZNZ0NQRZcjaKPE10at+Vb1PjBoDn/FO9KsvZ3bNpKD/CZCmoHCc2sPP301SDwQglY9XOfuX6BTpO+FFGmRio1VzZqM3KBuuIDcrU3ULVFPeousw== eduardo@Carlos\r\n"
            },
            "metadata_fingerprint": "okBcFsbqHQk=",
            "metadata_startup_script": null,
            "min_cpu_platform": "",
            "name": "k3s-node-2",
            "network_interface": [
              {
                "access_config": [
                  {
                    "nat_ip": "34.45.172.182",
                    "network_tier": "PREMIUM",
                    "public_ptr_domain_name": ""
                  }
                ],
                "alias_ip_range": [],
                "internal_ipv6_prefix_length": 0,
                "ipv6_access_config": [],
                "ipv6_access_type": "",
                "ipv6_address": "",
                "name": "nic0",
                "network": "https://www.googleapis.com/compute/v1/projects/protean-pipe-447211-g7/global/networks/default",
                "network_ip": "10.128.0.35",
                "nic_type": "",
                "queue_count": 0,
                "stack_type": "IPV4_ONLY",
                "subnetwork": "https://www.googleapis.com/compute/v1/projects/protean-pipe-447211-g7/regions/us-central1/subnetworks/default",
                "subnetwork_project": "protean-pipe-447211-g7"
              }
            ],
            "network_performance_config": [],
            "params": [],
            "project": "protean-pipe-447211-g7",
            "reservation_affinity": [],
            "resource_policies": null,
            "scheduling": [
              {
                "automatic_restart": true,
                "availability_domain": 0,
                "instance_termination_action": "",
                "local_ssd_recovery_timeout": [],
                "max_run_duration": [],
                "min_node_cpus": 0,
                "node_affinities": [],
                "on_host_maintenance": "MIGRATE",
                "on_instance_stop_action": [],
                "preemptible": false,
                "provisioning_model": "STANDARD"
              }
            ],
            "scratch_disk": [],
            "self_link": "https://www.googleapis.com/compute/v1/projects/protean-pipe-447211-g7/zones/us-central1-a/instances/k3s-node-2",
            "service_account": [
              {
                "email": "843462201394-compute@developer.gserviceaccount.com",
                "scopes": [
                  "https://www.googleapis.com/auth/cloud-platform"
                ]
              }
            ],
            "shielded_instance_config": [
              {
                "enable_integrity_monitoring": true,
                "enable_secure_boot": false,
                "enable_vtpm": true
              }
            ],
            "tags": null,
            "tags_fingerprint": "42WmSpB8rSM=",
            "terraform_labels": {
              "goog-terraform-provisioned": "true"
            },
            "timeouts": null,
            "zone": "us-central1-a"
          },
          "sensitive_attributes": [
            [
              {
                "type": "get_attr",
                "value": "boot_disk"
              },
              {
                "type": "index",
                "value": {
                  "value": 0,
                  "type": "number"
                }
              },
              {
                "type": "get_attr",
                "value": "disk_encryption_key_raw"
              }
            ]
          ],
          "private": "eyJlMmJmYjczMC1lY2FhLTExZTYtOGY4OC0zNDM2M2JjN2M0YzAiOnsiY3JlYXRlIjoxMjAwMDAwMDAwMDAwLCJkZWxldGUiOjEyMDAwMDAwMDAwMDAsInVwZGF0ZSI6MTIwMDAwMDAwMDAwMH0sInNjaGVtYV92ZXJzaW9uIjoiNiJ9"
        }
      ]
    }
  ],
  "check_results": null
}
